{
    "_readme": [
        "This file locks the dependencies of your project to a known state",
        "Read more about it at https://getcomposer.org/doc/01-basic-usage.md#installing-dependencies",
        "This file is @generated automatically"
    ],
    "content-hash": "a7d04ad42cd2f30488e5b5c9220315c7",
    "packages": [
        {
            "name": "erusev/parsedown",
            "version": "1.7.4",
            "source": {
                "type": "git",
                "url": "https://github.com/erusev/parsedown.git",
                "reference": "cb17b6477dfff935958ba01325f2e8a2bfa6dab3"
            },
            "dist": {
                "type": "zip",
                "url": "https://api.github.com/repos/erusev/parsedown/zipball/cb17b6477dfff935958ba01325f2e8a2bfa6dab3",
                "reference": "cb17b6477dfff935958ba01325f2e8a2bfa6dab3",
                "shasum": ""
            },
            "require": {
                "ext-mbstring": "*",
                "php": ">=5.3.0"
            },
            "require-dev": {
                "phpunit/phpunit": "^4.8.35"
            },
            "type": "library",
            "autoload": {
                "psr-0": {
                    "Parsedown": ""
                }
            },
            "notification-url": "https://packagist.org/downloads/",
            "license": [
                "MIT"
            ],
            "authors": [
                {
                    "name": "Emanuil Rusev",
                    "email": "hello@erusev.com",
                    "homepage": "http://erusev.com"
                }
            ],
            "description": "Parser for Markdown.",
            "homepage": "http://parsedown.org",
            "keywords": [
                "markdown",
                "parser"
            ],
            "support": {
                "issues": "https://github.com/erusev/parsedown/issues",
                "source": "https://github.com/erusev/parsedown/tree/1.7.x"
            },
            "time": "2019-12-30T22:54:17+00:00"
        },
        {
            "name": "flus/minz",
            "version": "2.0.1",
            "source": {
                "type": "git",
                "url": "https://github.com/flusio/Minz.git",
                "reference": "3eb6db53dccab8612477b5873f87069503d87af6"
            },
            "dist": {
                "type": "zip",
                "url": "https://api.github.com/repos/flusio/Minz/zipball/3eb6db53dccab8612477b5873f87069503d87af6",
                "reference": "3eb6db53dccab8612477b5873f87069503d87af6",
                "shasum": ""
            },
            "require": {
                "php": ">=8.2",
                "phpmailer/phpmailer": "^6.9",
                "twig/twig": "^3.21"
            },
            "require-dev": {
                "phpstan/phpstan": "^2.0",
                "phpunit/phpunit": "^11.2",
                "rector/rector": "^2.0",
                "squizlabs/php_codesniffer": "^3.7"
            },
            "type": "library",
            "autoload": {
                "files": [
                    "src/Template/simple_template_helpers.php"
                ],
                "psr-4": {
                    "Minz\\": "src/"
                }
            },
            "notification-url": "https://packagist.org/downloads/",
            "license": [
                "AGPL-3.0-or-later"
            ],
            "description": "A simple and personal PHP framework",
            "homepage": "https://github.com/flusio/Minz",
            "support": {
                "issues": "https://github.com/flusio/Minz/issues",
                "source": "https://github.com/flusio/Minz/tree/2.0.1"
            },
            "time": "2025-05-29T16:15:27+00:00"
        },
        {
            "name": "phpmailer/phpmailer",
            "version": "v6.10.0",
            "source": {
                "type": "git",
                "url": "https://github.com/PHPMailer/PHPMailer.git",
                "reference": "bf74d75a1fde6beaa34a0ddae2ec5fce0f72a144"
            },
            "dist": {
                "type": "zip",
                "url": "https://api.github.com/repos/PHPMailer/PHPMailer/zipball/bf74d75a1fde6beaa34a0ddae2ec5fce0f72a144",
                "reference": "bf74d75a1fde6beaa34a0ddae2ec5fce0f72a144",
                "shasum": ""
            },
            "require": {
                "ext-ctype": "*",
                "ext-filter": "*",
                "ext-hash": "*",
                "php": ">=5.5.0"
            },
            "require-dev": {
                "dealerdirect/phpcodesniffer-composer-installer": "^1.0",
                "doctrine/annotations": "^1.2.6 || ^1.13.3",
                "php-parallel-lint/php-console-highlighter": "^1.0.0",
                "php-parallel-lint/php-parallel-lint": "^1.3.2",
                "phpcompatibility/php-compatibility": "^9.3.5",
                "roave/security-advisories": "dev-latest",
                "squizlabs/php_codesniffer": "^3.7.2",
                "yoast/phpunit-polyfills": "^1.0.4"
            },
            "suggest": {
                "decomplexity/SendOauth2": "Adapter for using XOAUTH2 authentication",
                "ext-mbstring": "Needed to send email in multibyte encoding charset or decode encoded addresses",
                "ext-openssl": "Needed for secure SMTP sending and DKIM signing",
                "greew/oauth2-azure-provider": "Needed for Microsoft Azure XOAUTH2 authentication",
                "hayageek/oauth2-yahoo": "Needed for Yahoo XOAUTH2 authentication",
                "league/oauth2-google": "Needed for Google XOAUTH2 authentication",
                "psr/log": "For optional PSR-3 debug logging",
                "symfony/polyfill-mbstring": "To support UTF-8 if the Mbstring PHP extension is not enabled (^1.2)",
                "thenetworg/oauth2-azure": "Needed for Microsoft XOAUTH2 authentication"
            },
            "type": "library",
            "autoload": {
                "psr-4": {
                    "PHPMailer\\PHPMailer\\": "src/"
                }
            },
            "notification-url": "https://packagist.org/downloads/",
            "license": [
                "LGPL-2.1-only"
            ],
            "authors": [
                {
                    "name": "Marcus Bointon",
                    "email": "phpmailer@synchromedia.co.uk"
                },
                {
                    "name": "Jim Jagielski",
                    "email": "jimjag@gmail.com"
                },
                {
                    "name": "Andy Prevost",
                    "email": "codeworxtech@users.sourceforge.net"
                },
                {
                    "name": "Brent R. Matzelle"
                }
            ],
            "description": "PHPMailer is a full-featured email creation and transfer class for PHP",
            "support": {
                "issues": "https://github.com/PHPMailer/PHPMailer/issues",
                "source": "https://github.com/PHPMailer/PHPMailer/tree/v6.10.0"
            },
            "funding": [
                {
                    "url": "https://github.com/Synchro",
                    "type": "github"
                }
            ],
            "time": "2025-04-24T15:19:31+00:00"
        },
        {
            "name": "symfony/deprecation-contracts",
            "version": "v3.6.0",
            "source": {
                "type": "git",
                "url": "https://github.com/symfony/deprecation-contracts.git",
                "reference": "63afe740e99a13ba87ec199bb07bbdee937a5b62"
            },
            "dist": {
                "type": "zip",
                "url": "https://api.github.com/repos/symfony/deprecation-contracts/zipball/63afe740e99a13ba87ec199bb07bbdee937a5b62",
                "reference": "63afe740e99a13ba87ec199bb07bbdee937a5b62",
                "shasum": ""
            },
            "require": {
                "php": ">=8.1"
            },
            "type": "library",
            "extra": {
                "thanks": {
                    "url": "https://github.com/symfony/contracts",
                    "name": "symfony/contracts"
                },
                "branch-alias": {
                    "dev-main": "3.6-dev"
                }
            },
            "autoload": {
                "files": [
                    "function.php"
                ]
            },
            "notification-url": "https://packagist.org/downloads/",
            "license": [
                "MIT"
            ],
            "authors": [
                {
                    "name": "Nicolas Grekas",
                    "email": "p@tchwork.com"
                },
                {
                    "name": "Symfony Community",
                    "homepage": "https://symfony.com/contributors"
                }
            ],
            "description": "A generic function and convention to trigger deprecation notices",
            "homepage": "https://symfony.com",
            "support": {
                "source": "https://github.com/symfony/deprecation-contracts/tree/v3.6.0"
            },
            "funding": [
                {
                    "url": "https://symfony.com/sponsor",
                    "type": "custom"
                },
                {
                    "url": "https://github.com/fabpot",
                    "type": "github"
                },
                {
                    "url": "https://tidelift.com/funding/github/packagist/symfony/symfony",
                    "type": "tidelift"
                }
            ],
            "time": "2024-09-25T14:21:43+00:00"
        },
        {
            "name": "symfony/polyfill-ctype",
            "version": "v1.32.0",
            "source": {
                "type": "git",
                "url": "https://github.com/symfony/polyfill-ctype.git",
                "reference": "a3cc8b044a6ea513310cbd48ef7333b384945638"
            },
            "dist": {
                "type": "zip",
                "url": "https://api.github.com/repos/symfony/polyfill-ctype/zipball/a3cc8b044a6ea513310cbd48ef7333b384945638",
                "reference": "a3cc8b044a6ea513310cbd48ef7333b384945638",
                "shasum": ""
            },
            "require": {
                "php": ">=7.2"
            },
            "provide": {
                "ext-ctype": "*"
            },
            "suggest": {
                "ext-ctype": "For best performance"
            },
            "type": "library",
            "extra": {
                "thanks": {
                    "url": "https://github.com/symfony/polyfill",
                    "name": "symfony/polyfill"
                }
            },
            "autoload": {
                "files": [
                    "bootstrap.php"
                ],
                "psr-4": {
                    "Symfony\\Polyfill\\Ctype\\": ""
                }
            },
            "notification-url": "https://packagist.org/downloads/",
            "license": [
                "MIT"
            ],
            "authors": [
                {
                    "name": "Gert de Pagter",
                    "email": "BackEndTea@gmail.com"
                },
                {
                    "name": "Symfony Community",
                    "homepage": "https://symfony.com/contributors"
                }
            ],
            "description": "Symfony polyfill for ctype functions",
            "homepage": "https://symfony.com",
            "keywords": [
                "compatibility",
                "ctype",
                "polyfill",
                "portable"
            ],
            "support": {
                "source": "https://github.com/symfony/polyfill-ctype/tree/v1.32.0"
            },
            "funding": [
                {
                    "url": "https://symfony.com/sponsor",
                    "type": "custom"
                },
                {
                    "url": "https://github.com/fabpot",
                    "type": "github"
                },
                {
                    "url": "https://tidelift.com/funding/github/packagist/symfony/symfony",
                    "type": "tidelift"
                }
            ],
            "time": "2024-09-09T11:45:10+00:00"
        },
        {
            "name": "symfony/polyfill-mbstring",
            "version": "v1.32.0",
            "source": {
                "type": "git",
                "url": "https://github.com/symfony/polyfill-mbstring.git",
                "reference": "6d857f4d76bd4b343eac26d6b539585d2bc56493"
            },
            "dist": {
                "type": "zip",
                "url": "https://api.github.com/repos/symfony/polyfill-mbstring/zipball/6d857f4d76bd4b343eac26d6b539585d2bc56493",
                "reference": "6d857f4d76bd4b343eac26d6b539585d2bc56493",
                "shasum": ""
            },
            "require": {
                "ext-iconv": "*",
                "php": ">=7.2"
            },
            "provide": {
                "ext-mbstring": "*"
            },
            "suggest": {
                "ext-mbstring": "For best performance"
            },
            "type": "library",
            "extra": {
                "thanks": {
                    "url": "https://github.com/symfony/polyfill",
                    "name": "symfony/polyfill"
                }
            },
            "autoload": {
                "files": [
                    "bootstrap.php"
                ],
                "psr-4": {
                    "Symfony\\Polyfill\\Mbstring\\": ""
                }
            },
            "notification-url": "https://packagist.org/downloads/",
            "license": [
                "MIT"
            ],
            "authors": [
                {
                    "name": "Nicolas Grekas",
                    "email": "p@tchwork.com"
                },
                {
                    "name": "Symfony Community",
                    "homepage": "https://symfony.com/contributors"
                }
            ],
            "description": "Symfony polyfill for the Mbstring extension",
            "homepage": "https://symfony.com",
            "keywords": [
                "compatibility",
                "mbstring",
                "polyfill",
                "portable",
                "shim"
            ],
            "support": {
                "source": "https://github.com/symfony/polyfill-mbstring/tree/v1.32.0"
            },
            "funding": [
                {
                    "url": "https://symfony.com/sponsor",
                    "type": "custom"
                },
                {
                    "url": "https://github.com/fabpot",
                    "type": "github"
                },
                {
                    "url": "https://tidelift.com/funding/github/packagist/symfony/symfony",
                    "type": "tidelift"
                }
            ],
            "time": "2024-12-23T08:48:59+00:00"
        },
        {
            "name": "twig/twig",
            "version": "v3.21.1",
            "source": {
                "type": "git",
                "url": "https://github.com/twigphp/Twig.git",
                "reference": "285123877d4dd97dd7c11842ac5fb7e86e60d81d"
            },
            "dist": {
                "type": "zip",
                "url": "https://api.github.com/repos/twigphp/Twig/zipball/285123877d4dd97dd7c11842ac5fb7e86e60d81d",
                "reference": "285123877d4dd97dd7c11842ac5fb7e86e60d81d",
                "shasum": ""
            },
            "require": {
                "php": ">=8.1.0",
                "symfony/deprecation-contracts": "^2.5|^3",
                "symfony/polyfill-ctype": "^1.8",
                "symfony/polyfill-mbstring": "^1.3"
            },
            "require-dev": {
                "phpstan/phpstan": "^2.0",
                "psr/container": "^1.0|^2.0",
                "symfony/phpunit-bridge": "^5.4.9|^6.4|^7.0"
            },
            "type": "library",
            "autoload": {
                "files": [
                    "src/Resources/core.php",
                    "src/Resources/debug.php",
                    "src/Resources/escaper.php",
                    "src/Resources/string_loader.php"
                ],
                "psr-4": {
                    "Twig\\": "src/"
                }
            },
            "notification-url": "https://packagist.org/downloads/",
            "license": [
                "BSD-3-Clause"
            ],
            "authors": [
                {
                    "name": "Fabien Potencier",
                    "email": "fabien@symfony.com",
                    "homepage": "http://fabien.potencier.org",
                    "role": "Lead Developer"
                },
                {
                    "name": "Twig Team",
                    "role": "Contributors"
                },
                {
                    "name": "Armin Ronacher",
                    "email": "armin.ronacher@active-4.com",
                    "role": "Project Founder"
                }
            ],
            "description": "Twig, the flexible, fast, and secure template language for PHP",
            "homepage": "https://twig.symfony.com",
            "keywords": [
                "templating"
            ],
            "support": {
                "issues": "https://github.com/twigphp/Twig/issues",
                "source": "https://github.com/twigphp/Twig/tree/v3.21.1"
            },
            "funding": [
                {
                    "url": "https://github.com/fabpot",
                    "type": "github"
                },
                {
                    "url": "https://tidelift.com/funding/github/packagist/twig/twig",
                    "type": "tidelift"
                }
            ],
            "time": "2025-05-03T07:21:55+00:00"
        }
    ],
    "packages-dev": [
        {
            "name": "phpstan/phpstan",
            "version": "2.1.17",
            "source": {
                "type": "git",
                "url": "https://github.com/phpstan/phpstan.git",
                "reference": "89b5ef665716fa2a52ecd2633f21007a6a349053"
            },
            "dist": {
                "type": "zip",
                "url": "https://api.github.com/repos/phpstan/phpstan/zipball/89b5ef665716fa2a52ecd2633f21007a6a349053",
                "reference": "89b5ef665716fa2a52ecd2633f21007a6a349053",
                "shasum": ""
            },
            "require": {
                "php": "^7.4|^8.0"
            },
            "conflict": {
                "phpstan/phpstan-shim": "*"
            },
            "bin": [
                "phpstan",
                "phpstan.phar"
            ],
            "type": "library",
            "autoload": {
                "files": [
                    "bootstrap.php"
                ]
            },
            "notification-url": "https://packagist.org/downloads/",
            "license": [
                "MIT"
            ],
            "description": "PHPStan - PHP Static Analysis Tool",
            "keywords": [
                "dev",
                "static analysis"
            ],
            "support": {
                "docs": "https://phpstan.org/user-guide/getting-started",
                "forum": "https://github.com/phpstan/phpstan/discussions",
                "issues": "https://github.com/phpstan/phpstan/issues",
                "security": "https://github.com/phpstan/phpstan/security/policy",
                "source": "https://github.com/phpstan/phpstan-src"
            },
            "funding": [
                {
                    "url": "https://github.com/ondrejmirtes",
                    "type": "github"
                },
                {
                    "url": "https://github.com/phpstan",
                    "type": "github"
                }
            ],
            "time": "2025-05-21T20:55:28+00:00"
        },
        {
            "name": "rector/rector",
            "version": "2.1.1",
            "source": {
                "type": "git",
                "url": "https://github.com/rectorphp/rector.git",
                "reference": "d0917c069bb0d9bb06ed111cf052510f609015a4"
            },
            "dist": {
                "type": "zip",
                "url": "https://api.github.com/repos/rectorphp/rector/zipball/d0917c069bb0d9bb06ed111cf052510f609015a4",
                "reference": "d0917c069bb0d9bb06ed111cf052510f609015a4",
                "shasum": ""
            },
            "require": {
                "php": "^7.4|^8.0",
                "phpstan/phpstan": "^2.1.17"
            },
            "conflict": {
                "rector/rector-doctrine": "*",
                "rector/rector-downgrade-php": "*",
                "rector/rector-phpunit": "*",
                "rector/rector-symfony": "*"
            },
            "suggest": {
                "ext-dom": "To manipulate phpunit.xml via the custom-rule command"
            },
            "bin": [
                "bin/rector"
            ],
            "type": "library",
            "autoload": {
                "files": [
                    "bootstrap.php"
                ]
            },
            "notification-url": "https://packagist.org/downloads/",
            "license": [
                "MIT"
            ],
            "description": "Instant Upgrade and Automated Refactoring of any PHP code",
            "homepage": "https://getrector.com/",
            "keywords": [
                "automation",
                "dev",
                "migration",
                "refactoring"
            ],
            "support": {
                "issues": "https://github.com/rectorphp/rector/issues",
                "source": "https://github.com/rectorphp/rector/tree/2.1.1"
            },
            "funding": [
                {
                    "url": "https://github.com/tomasvotruba",
                    "type": "github"
                }
            ],
            "time": "2025-07-10T11:31:31+00:00"
        },
        {
            "name": "squizlabs/php_codesniffer",
            "version": "3.13.2",
            "source": {
                "type": "git",
                "url": "https://github.com/PHPCSStandards/PHP_CodeSniffer.git",
                "reference": "5b5e3821314f947dd040c70f7992a64eac89025c"
            },
            "dist": {
                "type": "zip",
                "url": "https://api.github.com/repos/PHPCSStandards/PHP_CodeSniffer/zipball/5b5e3821314f947dd040c70f7992a64eac89025c",
                "reference": "5b5e3821314f947dd040c70f7992a64eac89025c",
                "shasum": ""
            },
            "require": {
                "ext-simplexml": "*",
                "ext-tokenizer": "*",
                "ext-xmlwriter": "*",
                "php": ">=5.4.0"
            },
            "require-dev": {
                "phpunit/phpunit": "^4.0 || ^5.0 || ^6.0 || ^7.0 || ^8.0 || ^9.3.4"
            },
            "bin": [
                "bin/phpcbf",
                "bin/phpcs"
            ],
            "type": "library",
            "extra": {
                "branch-alias": {
                    "dev-master": "3.x-dev"
                }
            },
            "notification-url": "https://packagist.org/downloads/",
            "license": [
                "BSD-3-Clause"
            ],
            "authors": [
                {
                    "name": "Greg Sherwood",
                    "role": "Former lead"
                },
                {
                    "name": "Juliette Reinders Folmer",
                    "role": "Current lead"
                },
                {
                    "name": "Contributors",
                    "homepage": "https://github.com/PHPCSStandards/PHP_CodeSniffer/graphs/contributors"
                }
            ],
            "description": "PHP_CodeSniffer tokenizes PHP, JavaScript and CSS files and detects violations of a defined set of coding standards.",
            "homepage": "https://github.com/PHPCSStandards/PHP_CodeSniffer",
            "keywords": [
                "phpcs",
                "standards",
                "static analysis"
            ],
            "support": {
                "issues": "https://github.com/PHPCSStandards/PHP_CodeSniffer/issues",
                "security": "https://github.com/PHPCSStandards/PHP_CodeSniffer/security/policy",
                "source": "https://github.com/PHPCSStandards/PHP_CodeSniffer",
                "wiki": "https://github.com/PHPCSStandards/PHP_CodeSniffer/wiki"
            },
            "funding": [
                {
                    "url": "https://github.com/PHPCSStandards",
                    "type": "github"
                },
                {
                    "url": "https://github.com/jrfnl",
                    "type": "github"
                },
                {
                    "url": "https://opencollective.com/php_codesniffer",
                    "type": "open_collective"
                },
                {
                    "url": "https://thanks.dev/u/gh/phpcsstandards",
                    "type": "thanks_dev"
                }
            ],
            "time": "2025-06-17T22:17:01+00:00"
        }
    ],
    "aliases": [],
    "minimum-stability": "stable",
    "stability-flags": {},
    "prefer-stable": false,
    "prefer-lowest": false,
    "platform": {
        "php": ">=8.2",
        "ext-intl": "*",
        "ext-gettext": "*",
        "ext-pcntl": "*",
        "ext-pdo": "*",
        "ext-pdo_pgsql": "*"
    },
    "platform-dev": {},
    "plugin-api-version": "2.6.0"
}
